
Microsoft Visual Studio Solution File, Format Version 12.00
# Visual Studio Version 16
VisualStudioVersion = 16.0.32510.428
MinimumVisualStudioVersion = 10.0.40219.1
Project("{8BC9CEB8-8B4A-11D0-8D11-00A0C91BC942}") = "Smart", "Smart.vcxproj", "{D16D81AA-F818-4777-A8C5-9EC9A747B000}"
EndProject
Global
	GlobalSection(SolutionConfigurationPlatforms) = preSolution
		Debug|x64 = Debug|x64
		Debug|x86 = Debug|x86
		Release|x64 = Release|x64
		Release|x86 = Release|x86
	EndGlobalSection
	GlobalSection(ProjectConfigurationPlatforms) = postSolution
		{D16D81AA-F818-4777-A8C5-9EC9A747B000}.Debug|x64.ActiveCfg = Debug|x64
		{D16D81AA-F818-4777-A8C5-9EC9A747B000}.Debug|x64.Build.0 = Debug|x64
		{D16D81AA-F818-4777-A8C5-9EC9A747B000}.Debug|x86.ActiveCfg = Debug|Win32
		{D16D81AA-F818-4777-A8C5-9EC9A747B000}.Debug|x86.Build.0 = Debug|Win32
		{D16D81AA-F818-4777-A8C5-9EC9A747B000}.Release|x64.ActiveCfg = Release|x64
		{D16D81AA-F818-4777-A8C5-9EC9A747B000}.Release|x64.Build.0 = Release|x64
		{D16D81AA-F818-4777-A8C5-9EC9A747B000}.Release|x86.ActiveCfg = Release|Win32
		{D16D81AA-F818-4777-A8C5-9EC9A747B000}.Release|x86.Build.0 = Release|Win32
	EndGlobalSection
	GlobalSection(SolutionProperties) = preSolution
		HideSolutionNode = FALSE
	EndGlobalSection
	GlobalSection(ExtensibilityGlobals) = postSolution
		SolutionGuid = {C7C74159-CB7D-4978-BBED-2B994314C563}
	EndGlobalSection
EndGlobal
